// !$*UTF8*$!
{
	archiveVersion = 1;
	classes = {
	};
	objectVersion = 77;
	objects = {

/* Begin PBXBuildFile section */
		7BBA6F482DA6182000E3998B /* Language Byte Watch App.app in Embed Watch Content */ = {isa = PBXBuildFile; fileRef = 7BBA6F472DA6182000E3998B /* Language Byte Watch App.app */; settings = {ATTRIBUTES = (RemoveHeadersOnCopy, ); }; };
/* End PBXBuildFile section */

/* Begin PBXContainerItemProxy section */
		7B0FF94D2DC079AE00288B41 /* PBXContainerItemProxy */ = {
			isa = PBXContainerItemProxy;
			containerPortal = 7BBA6F3B2DA6182000E3998B /* Project object */;
			proxyType = 1;
			remoteGlobalIDString = 7BBA6F462DA6182000E3998B;
			remoteInfo = "Language Byte Watch App";
		};
		7BBA6F492DA6182000E3998B /* PBXContainerItemProxy */ = {
			isa = PBXContainerItemProxy;
			containerPortal = 7BBA6F3B2DA6182000E3998B /* Project object */;
			proxyType = 1;
			remoteGlobalIDString = 7BBA6F462DA6182000E3998B;
			remoteInfo = "Language Byte Watch App";
		};
/* End PBXContainerItemProxy section */

/* Begin PBXCopyFilesBuildPhase section */
		7BBA6F572DA6182100E3998B /* Embed Watch Content */ = {
			isa = PBXCopyFilesBuildPhase;
			buildActionMask = 2147483647;
			dstPath = "$(CONTENTS_FOLDER_PATH)/Watch";
			dstSubfolderSpec = 16;
			files = (
				7BBA6F482DA6182000E3998B /* Language Byte Watch App.app in Embed Watch Content */,
			);
			name = "Embed Watch Content";
			runOnlyForDeploymentPostprocessing = 0;
		};
/* End PBXCopyFilesBuildPhase section */

/* Begin PBXFileReference section */
		7B0FF9492DC079AE00288B41 /* Language_ByteTests.xctest */ = {isa = PBXFileReference; explicitFileType = wrapper.cfbundle; includeInIndex = 0; path = Language_ByteTests.xctest; sourceTree = BUILT_PRODUCTS_DIR; };
		7BBA6F412DA6182000E3998B /* Language Byte.app */ = {isa = PBXFileReference; explicitFileType = wrapper.application; includeInIndex = 0; path = "Language Byte.app"; sourceTree = BUILT_PRODUCTS_DIR; };
		7BBA6F472DA6182000E3998B /* Language Byte Watch App.app */ = {isa = PBXFileReference; explicitFileType = wrapper.application; includeInIndex = 0; path = "Language Byte Watch App.app"; sourceTree = BUILT_PRODUCTS_DIR; };
/* End PBXFileReference section */

/* Begin PBXFileSystemSynchronizedRootGroup section */
		7B0FF94A2DC079AE00288B41 /* Language_ByteTests */ = {
			isa = PBXFileSystemSynchronizedRootGroup;
			path = Language_ByteTests;
			sourceTree = "<group>";
		};
		7BBA6F4B2DA6182000E3998B /* Language Byte Watch App */ = {
			isa = PBXFileSystemSynchronizedRootGroup;
			path = "Language Byte Watch App";
			sourceTree = "<group>";
		};
/* End PBXFileSystemSynchronizedRootGroup section */

/* Begin PBXFrameworksBuildPhase section */
		7B0FF9462DC079AE00288B41 /* Frameworks */ = {
			isa = PBXFrameworksBuildPhase;
			buildActionMask = 2147483647;
			files = (
			);
			runOnlyForDeploymentPostprocessing = 0;
		};
		7BBA6F442DA6182000E3998B /* Frameworks */ = {
			isa = PBXFrameworksBuildPhase;
			buildActionMask = 2147483647;
			files = (
			);
			runOnlyForDeploymentPostprocessing = 0;
		};
/* End PBXFrameworksBuildPhase section */

/* Begin PBXGroup section */
		7BBA6F3A2DA6182000E3998B = {
			isa = PBXGroup;
			children = (
				7BBA6F4B2DA6182000E3998B /* Language Byte Watch App */,
				7B0FF94A2DC079AE00288B41 /* Language_ByteTests */,
				7BBA6F422DA6182000E3998B /* Products */,
			);
			sourceTree = "<group>";
		};
		7BBA6F422DA6182000E3998B /* Products */ = {
			isa = PBXGroup;
			children = (
				7BBA6F412DA6182000E3998B /* Language Byte.app */,
				7BBA6F472DA6182000E3998B /* Language Byte Watch App.app */,
				7B0FF9492DC079AE00288B41 /* Language_ByteTests.xctest */,
			);
			name = Products;
			sourceTree = "<group>";
		};
/* End PBXGroup section */

/* Begin PBXNativeTarget section */
		7B0FF9482DC079AE00288B41 /* Language_ByteTests */ = {
			isa = PBXNativeTarget;
			buildConfigurationList = 7B0FF94F2DC079AE00288B41 /* Build configuration list for PBXNativeTarget "Language_ByteTests" */;
			buildPhases = (
				7B0FF9452DC079AE00288B41 /* Sources */,
				7B0FF9462DC079AE00288B41 /* Frameworks */,
				7B0FF9472DC079AE00288B41 /* Resources */,
			);
			buildRules = (
			);
			dependencies = (
				7B0FF94E2DC079AE00288B41 /* PBXTargetDependency */,
			);
			fileSystemSynchronizedGroups = (
				7B0FF94A2DC079AE00288B41 /* Language_ByteTests */,
			);
			name = Language_ByteTests;
			packageProductDependencies = (
			);
			productName = Language_ByteTests;
			productReference = 7B0FF9492DC079AE00288B41 /* Language_ByteTests.xctest */;
			productType = "com.apple.product-type.bundle.unit-test";
		};
		7BBA6F402DA6182000E3998B /* Language Byte */ = {
			isa = PBXNativeTarget;
			buildConfigurationList = 7BBA6F582DA6182100E3998B /* Build configuration list for PBXNativeTarget "Language Byte" */;
			buildPhases = (
				7BBA6F3F2DA6182000E3998B /* Resources */,
				7BBA6F572DA6182100E3998B /* Embed Watch Content */,
			);
			buildRules = (
			);
			dependencies = (
				7BBA6F4A2DA6182000E3998B /* PBXTargetDependency */,
			);
			name = "Language Byte";
			packageProductDependencies = (
			);
			productName = "Language Byte";
			productReference = 7BBA6F412DA6182000E3998B /* Language Byte.app */;
			productType = "com.apple.product-type.application.watchapp2-container";
		};
		7BBA6F462DA6182000E3998B /* Language Byte Watch App */ = {
			isa = PBXNativeTarget;
			buildConfigurationList = 7BBA6F542DA6182100E3998B /* Build configuration list for PBXNativeTarget "Language Byte Watch App" */;
			buildPhases = (
				7BBA6F432DA6182000E3998B /* Sources */,
				7BBA6F442DA6182000E3998B /* Frameworks */,
				7BBA6F452DA6182000E3998B /* Resources */,
			);
			buildRules = (
			);
			dependencies = (
			);
			fileSystemSynchronizedGroups = (
				7BBA6F4B2DA6182000E3998B /* Language Byte Watch App */,
			);
			name = "Language Byte Watch App";
			packageProductDependencies = (
			);
			productName = "Language Byte Watch App";
			productReference = 7BBA6F472DA6182000E3998B /* Language Byte Watch App.app */;
			productType = "com.apple.product-type.application";
		};
/* End PBXNativeTarget section */

/* Begin PBXProject section */
		7BBA6F3B2DA6182000E3998B /* Project object */ = {
			isa = PBXProject;
			attributes = {
				BuildIndependentTargetsInParallel = 1;
				LastSwiftUpdateCheck = 1630;
				LastUpgradeCheck = 1630;
				TargetAttributes = {
					7B0FF9482DC079AE00288B41 = {
						CreatedOnToolsVersion = 16.3;
						TestTargetID = 7BBA6F462DA6182000E3998B;
					};
					7BBA6F402DA6182000E3998B = {
						CreatedOnToolsVersion = 16.3;
					};
					7BBA6F462DA6182000E3998B = {
						CreatedOnToolsVersion = 16.3;
					};
				};
			};
			buildConfigurationList = 7BBA6F3E2DA6182000E3998B /* Build configuration list for PBXProject "Language Byte" */;
			developmentRegion = en;
			hasScannedForEncodings = 0;
			knownRegions = (
				en,
				Base,
			);
			mainGroup = 7BBA6F3A2DA6182000E3998B;
			minimizedProjectReferenceProxies = 1;
			preferredProjectObjectVersion = 77;
			productRefGroup = 7BBA6F422DA6182000E3998B /* Products */;
			projectDirPath = "";
			projectRoot = "";
			targets = (
				7BBA6F462DA6182000E3998B /* Language Byte Watch App */,
				7BBA6F402DA6182000E3998B /* Language Byte */,
				7B0FF9482DC079AE00288B41 /* Language_ByteTests */,
			);
		};
/* End PBXProject section */

/* Begin PBXResourcesBuildPhase section */
		7B0FF9472DC079AE00288B41 /* Resources */ = {
			isa = PBXResourcesBuildPhase;
			buildActionMask = 2147483647;
			files = (
			);
			runOnlyForDeploymentPostprocessing = 0;
		};
		7BBA6F3F2DA6182000E3998B /* Resources */ = {
			isa = PBXResourcesBuildPhase;
			buildActionMask = 2147483647;
			files = (
			);
			runOnlyForDeploymentPostprocessing = 0;
		};
		7BBA6F452DA6182000E3998B /* Resources */ = {
			isa = PBXResourcesBuildPhase;
			buildActionMask = 2147483647;
			files = (
			);
			runOnlyForDeploymentPostprocessing = 0;
		};
/* End PBXResourcesBuildPhase section */

/* Begin PBXSourcesBuildPhase section */
		7B0FF9452DC079AE00288B41 /* Sources */ = {
			isa = PBXSourcesBuildPhase;
			buildActionMask = 2147483647;
			files = (
			);
			runOnlyForDeploymentPostprocessing = 0;
		};
		7BBA6F432DA6182000E3998B /* Sources */ = {
			isa = PBXSourcesBuildPhase;
			buildActionMask = 2147483647;
			files = (
			);
			runOnlyForDeploymentPostprocessing = 0;
		};
/* End PBXSourcesBuildPhase section */

/* Begin PBXTargetDependency section */
		7B0FF94E2DC079AE00288B41 /* PBXTargetDependency */ = {
			isa = PBXTargetDependency;
			target = 7BBA6F462DA6182000E3998B /* Language Byte Watch App */;
			targetProxy = 7B0FF94D2DC079AE00288B41 /* PBXContainerItemProxy */;
		};
		7BBA6F4A2DA6182000E3998B /* PBXTargetDependency */ = {
			isa = PBXTargetDependency;
			target = 7BBA6F462DA6182000E3998B /* Language Byte Watch App */;
			targetProxy = 7BBA6F492DA6182000E3998B /* PBXContainerItemProxy */;
		};
/* End PBXTargetDependency section */

/* Begin XCBuildConfiguration section */
		7B0FF9502DC079AE00288B41 /* Debug */ = {
			isa = XCBuildConfiguration;
			buildSettings = {
				BUNDLE_LOADER = "$(TEST_HOST)";
				CODE_SIGN_STYLE = Automatic;
				CURRENT_PROJECT_VERSION = 1;
				DEVELOPMENT_TEAM = VFKR7NYEN3;
				GENERATE_INFOPLIST_FILE = YES;
				MARKETING_VERSION = 1.0;
				PRODUCT_BUNDLE_IDENTIFIER = "com.kaiwendesigns.Language-ByteTests";
				PRODUCT_NAME = "$(TARGET_NAME)";
				SDKROOT = watchos;
				SWIFT_EMIT_LOC_STRINGS = NO;
				SWIFT_VERSION = 5.0;
				TARGETED_DEVICE_FAMILY = 4;
				TEST_HOST = "$(BUILT_PRODUCTS_DIR)/Language Byte Watch App.app/$(BUNDLE_EXECUTABLE_FOLDER_PATH)/Language Byte Watch App";
				WATCHOS_DEPLOYMENT_TARGET = 11.4;
			};
			name = Debug;
		};
		7B0FF9512DC079AE00288B41 /* Release */ = {
			isa = XCBuildConfiguration;
			buildSettings = {
				BUNDLE_LOADER = "$(TEST_HOST)";
				CODE_SIGN_STYLE = Automatic;
				CURRENT_PROJECT_VERSION = 1;
				DEVELOPMENT_TEAM = VFKR7NYEN3;
				GENERATE_INFOPLIST_FILE = YES;
				MARKETING_VERSION = 1.0;
				PRODUCT_BUNDLE_IDENTIFIER = "com.kaiwendesigns.Language-ByteTests";
				PRODUCT_NAME = "$(TARGET_NAME)";
				SDKROOT = watchos;
				SWIFT_EMIT_LOC_STRINGS = NO;
				SWIFT_VERSION = 5.0;
				TARGETED_DEVICE_FAMILY = 4;
				TEST_HOST = "$(BUILT_PRODUCTS_DIR)/Language Byte Watch App.app/$(BUNDLE_EXECUTABLE_FOLDER_PATH)/Language Byte Watch App";
				VALIDATE_PRODUCT = YES;
				WATCHOS_DEPLOYMENT_TARGET = 11.4;
			};
			name = Release;
		};
		7BBA6F522DA6182100E3998B /* Debug */ = {
			isa = XCBuildConfiguration;
			buildSettings = {
				ALWAYS_SEARCH_USER_PATHS = NO;
				ASSETCATALOG_COMPILER_GENERATE_SWIFT_ASSET_SYMBOL_EXTENSIONS = YES;
				CLANG_ANALYZER_NONNULL = YES;
				CLANG_ANALYZER_NUMBER_OBJECT_CONVERSION = YES_AGGRESSIVE;
				CLANG_CXX_LANGUAGE_STANDARD = "gnu++20";
				CLANG_ENABLE_MODULES = YES;
				CLANG_ENABLE_OBJC_ARC = YES;
				CLANG_ENABLE_OBJC_WEAK = YES;
				CLANG_WARN_BLOCK_CAPTURE_AUTORELEASING = YES;
				CLANG_WARN_BOOL_CONVERSION = YES;
				CLANG_WARN_COMMA = YES;
				CLANG_WARN_CONSTANT_CONVERSION = YES;
				CLANG_WARN_DEPRECATED_OBJC_IMPLEMENTATIONS = YES;
				CLANG_WARN_DIRECT_OBJC_ISA_USAGE = YES_ERROR;
				CLANG_WARN_DOCUMENTATION_COMMENTS = YES;
				CLANG_WARN_EMPTY_BODY = YES;
				CLANG_WARN_ENUM_CONVERSION = YES;
				CLANG_WARN_INFINITE_RECURSION = YES;
				CLANG_WARN_INT_CONVERSION = YES;
				CLANG_WARN_NON_LITERAL_NULL_CONVERSION = YES;
				CLANG_WARN_OBJC_IMPLICIT_RETAIN_SELF = YES;
				CLANG_WARN_OBJC_LITERAL_CONVERSION = YES;
				CLANG_WARN_OBJC_ROOT_CLASS = YES_ERROR;
				CLANG_WARN_QUOTED_INCLUDE_IN_FRAMEWORK_HEADER = YES;
				CLANG_WARN_RANGE_LOOP_ANALYSIS = YES;
				CLANG_WARN_STRICT_PROTOTYPES = YES;
				CLANG_WARN_SUSPICIOUS_MOVE = YES;
				CLANG_WARN_UNGUARDED_AVAILABILITY = YES_AGGRESSIVE;
				CLANG_WARN_UNREACHABLE_CODE = YES;
				CLANG_WARN__DUPLICATE_METHOD_MATCH = YES;
				COPY_PHASE_STRIP = NO;
				DEBUG_INFORMATION_FORMAT = dwarf;
				DEVELOPMENT_TEAM = VFKR7NYEN3;
				ENABLE_STRICT_OBJC_MSGSEND = YES;
				ENABLE_TESTABILITY = YES;
				ENABLE_USER_SCRIPT_SANDBOXING = YES;
				GCC_C_LANGUAGE_STANDARD = gnu17;
				GCC_DYNAMIC_NO_PIC = NO;
				GCC_NO_COMMON_BLOCKS = YES;
				GCC_OPTIMIZATION_LEVEL = 0;
				GCC_PREPROCESSOR_DEFINITIONS = (
					"DEBUG=1",
					"$(inherited)",
				);
				GCC_WARN_64_TO_32_BIT_CONVERSION = YES;
				GCC_WARN_ABOUT_RETURN_TYPE = YES_ERROR;
				GCC_WARN_UNDECLARED_SELECTOR = YES;
				GCC_WARN_UNINITIALIZED_AUTOS = YES_AGGRESSIVE;
				GCC_WARN_UNUSED_FUNCTION = YES;
				GCC_WARN_UNUSED_VARIABLE = YES;
				LOCALIZATION_PREFERS_STRING_CATALOGS = YES;
				MTL_ENABLE_DEBUG_INFO = INCLUDE_SOURCE;
				MTL_FAST_MATH = YES;
				ONLY_ACTIVE_ARCH = YES;
				SWIFT_ACTIVE_COMPILATION_CONDITIONS = "DEBUG $(inherited)";
				SWIFT_OPTIMIZATION_LEVEL = "-Onone";
			};
			name = Debug;
		};
		7BBA6F532DA6182100E3998B /* Release */ = {
			isa = XCBuildConfiguration;
			buildSettings = {
				ALWAYS_SEARCH_USER_PATHS = NO;
				ASSETCATALOG_COMPILER_GENERATE_SWIFT_ASSET_SYMBOL_EXTENSIONS = YES;
				CLANG_ANALYZER_NONNULL = YES;
				CLANG_ANALYZER_NUMBER_OBJECT_CONVERSION = YES_AGGRESSIVE;
				CLANG_CXX_LANGUAGE_STANDARD = "gnu++20";
				CLANG_ENABLE_MODULES = YES;
				CLANG_ENABLE_OBJC_ARC = YES;
				CLANG_ENABLE_OBJC_WEAK = YES;
				CLANG_WARN_BLOCK_CAPTURE_AUTORELEASING = YES;
				CLANG_WARN_BOOL_CONVERSION = YES;
				CLANG_WARN_COMMA = YES;
				CLANG_WARN_CONSTANT_CONVERSION = YES;
				CLANG_WARN_DEPRECATED_OBJC_IMPLEMENTATIONS = YES;
				CLANG_WARN_DIRECT_OBJC_ISA_USAGE = YES_ERROR;
				CLANG_WARN_DOCUMENTATION_COMMENTS = YES;
				CLANG_WARN_EMPTY_BODY = YES;
				CLANG_WARN_ENUM_CONVERSION = YES;
				CLANG_WARN_INFINITE_RECURSION = YES;
				CLANG_WARN_INT_CONVERSION = YES;
				CLANG_WARN_NON_LITERAL_NULL_CONVERSION = YES;
				CLANG_WARN_OBJC_IMPLICIT_RETAIN_SELF = YES;
				CLANG_WARN_OBJC_LITERAL_CONVERSION = YES;
				CLANG_WARN_OBJC_ROOT_CLASS = YES_ERROR;
				CLANG_WARN_QUOTED_INCLUDE_IN_FRAMEWORK_HEADER = YES;
				CLANG_WARN_RANGE_LOOP_ANALYSIS = YES;
				CLANG_WARN_STRICT_PROTOTYPES = YES;
				CLANG_WARN_SUSPICIOUS_MOVE = YES;
				CLANG_WARN_UNGUARDED_AVAILABILITY = YES_AGGRESSIVE;
				CLANG_WARN_UNREACHABLE_CODE = YES;
				CLANG_WARN__DUPLICATE_METHOD_MATCH = YES;
				COPY_PHASE_STRIP = NO;
				DEBUG_INFORMATION_FORMAT = "dwarf-with-dsym";
				DEVELOPMENT_TEAM = VFKR7NYEN3;
				ENABLE_NS_ASSERTIONS = NO;
				ENABLE_STRICT_OBJC_MSGSEND = YES;
				ENABLE_USER_SCRIPT_SANDBOXING = YES;
				GCC_C_LANGUAGE_STANDARD = gnu17;
				GCC_NO_COMMON_BLOCKS = YES;
				GCC_WARN_64_TO_32_BIT_CONVERSION = YES;
				GCC_WARN_ABOUT_RETURN_TYPE = YES_ERROR;
				GCC_WARN_UNDECLARED_SELECTOR = YES;
				GCC_WARN_UNINITIALIZED_AUTOS = YES_AGGRESSIVE;
				GCC_WARN_UNUSED_FUNCTION = YES;
				GCC_WARN_UNUSED_VARIABLE = YES;
				LOCALIZATION_PREFERS_STRING_CATALOGS = YES;
				MTL_ENABLE_DEBUG_INFO = NO;
				MTL_FAST_MATH = YES;
				SWIFT_COMPILATION_MODE = wholemodule;
			};
			name = Release;
		};
		7BBA6F552DA6182100E3998B /* Debug */ = {
			isa = XCBuildConfiguration;
			buildSettings = {
				ASSETCATALOG_COMPILER_APPICON_NAME = AppIcon;
				ASSETCATALOG_COMPILER_GLOBAL_ACCENT_COLOR_NAME = AccentColor;
				CODE_SIGN_STYLE = Automatic;
				CURRENT_PROJECT_VERSION = 0;
				DEVELOPMENT_TEAM = VFKR7NYEN3;
				ENABLE_PREVIEWS = YES;
				GENERATE_INFOPLIST_FILE = YES;
				INFOPLIST_KEY_CFBundleDisplayName = "Language Byte";
				INFOPLIST_KEY_UISupportedInterfaceOrientations = "UIInterfaceOrientationPortrait UIInterfaceOrientationPortraitUpsideDown";
				INFOPLIST_KEY_WKWatchOnly = YES;
				LD_RUNPATH_SEARCH_PATHS = (
					"$(inherited)",
					"@executable_path/Frameworks",
				);
				MARKETING_VERSION = 1.0;
				PRODUCT_BUNDLE_IDENTIFIER = "com.kaiwendesigns.Language-Byte.watchkitapp";
				PRODUCT_NAME = "$(TARGET_NAME)";
				SDKROOT = watchos;
				SKIP_INSTALL = YES;
				SWIFT_EMIT_LOC_STRINGS = YES;
				SWIFT_VERSION = 5.0;
				TARGETED_DEVICE_FAMILY = 4;
				WATCHOS_DEPLOYMENT_TARGET = 11.4;
			};
			name = Debug;
		};
		7BBA6F562DA6182100E3998B /* Release */ = {
			isa = XCBuildConfiguration;
			buildSettings = {
				ASSETCATALOG_COMPILER_APPICON_NAME = AppIcon;
				ASSETCATALOG_COMPILER_GLOBAL_ACCENT_COLOR_NAME = AccentColor;
				CODE_SIGN_STYLE = Automatic;
				CURRENT_PROJECT_VERSION = 0;
				DEVELOPMENT_TEAM = VFKR7NYEN3;
				ENABLE_PREVIEWS = YES;
				GENERATE_INFOPLIST_FILE = YES;
				INFOPLIST_KEY_CFBundleDisplayName = "Language Byte";
				INFOPLIST_KEY_UISupportedInterfaceOrientations = "UIInterfaceOrientationPortrait UIInterfaceOrientationPortraitUpsideDown";
				INFOPLIST_KEY_WKWatchOnly = YES;
				LD_RUNPATH_SEARCH_PATHS = (
					"$(inherited)",
					"@executable_path/Frameworks",
				);
				MARKETING_VERSION = 1.0;
				PRODUCT_BUNDLE_IDENTIFIER = "com.kaiwendesigns.Language-Byte.watchkitapp";
				PRODUCT_NAME = "$(TARGET_NAME)";
				SDKROOT = watchos;
				SKIP_INSTALL = YES;
				SWIFT_EMIT_LOC_STRINGS = YES;
				SWIFT_VERSION = 5.0;
				TARGETED_DEVICE_FAMILY = 4;
				VALIDATE_PRODUCT = YES;
				WATCHOS_DEPLOYMENT_TARGET = 11.4;
			};
			name = Release;
		};
		7BBA6F592DA6182100E3998B /* Debug */ = {
			isa = XCBuildConfiguration;
			buildSettings = {
				CODE_SIGN_STYLE = Automatic;
				CURRENT_PROJECT_VERSION = 1;
				DEVELOPMENT_TEAM = VFKR7NYEN3;
				INFOPLIST_KEY_CFBundleDisplayName = "Language Byte";
				MARKETING_VERSION = 1.0;
				PRODUCT_BUNDLE_IDENTIFIER = "com.kaiwendesigns.Language-Byte";
				PRODUCT_NAME = "$(TARGET_NAME)";
				SDKROOT = iphoneos;
				SWIFT_VERSION = 5.0;
			};
			name = Debug;
		};
		7BBA6F5A2DA6182100E3998B /* Release */ = {
			isa = XCBuildConfiguration;
			buildSettings = {
				CODE_SIGN_STYLE = Automatic;
				CURRENT_PROJECT_VERSION = 1;
				DEVELOPMENT_TEAM = VFKR7NYEN3;
				INFOPLIST_KEY_CFBundleDisplayName = "Language Byte";
				MARKETING_VERSION = 1.0;
				PRODUCT_BUNDLE_IDENTIFIER = "com.kaiwendesigns.Language-Byte";
				PRODUCT_NAME = "$(TARGET_NAME)";
				SDKROOT = iphoneos;
				SWIFT_VERSION = 5.0;
				VALIDATE_PRODUCT = YES;
			};
			name = Release;
		};
/* End XCBuildConfiguration section */

/* Begin XCConfigurationList section */
		7B0FF94F2DC079AE00288B41 /* Build configuration list for PBXNativeTarget "Language_ByteTests" */ = {
			isa = XCConfigurationList;
			buildConfigurations = (
				7B0FF9502DC079AE00288B41 /* Debug */,
				7B0FF9512DC079AE00288B41 /* Release */,
			);
			defaultConfigurationIsVisible = 0;
			defaultConfigurationName = Release;
		};
		7BBA6F3E2DA6182000E3998B /* Build configuration list for PBXProject "Language Byte" */ = {
			isa = XCConfigurationList;
			buildConfigurations = (
				7BBA6F522DA6182100E3998B /* Debug */,
				7BBA6F532DA6182100E3998B /* Release */,
			);
			defaultConfigurationIsVisible = 0;
			defaultConfigurationName = Release;
		};
		7BBA6F542DA6182100E3998B /* Build configuration list for PBXNativeTarget "Language Byte Watch App" */ = {
			isa = XCConfigurationList;
			buildConfigurations = (
				7BBA6F552DA6182100E3998B /* Debug */,
				7BBA6F562DA6182100E3998B /* Release */,
			);
			defaultConfigurationIsVisible = 0;
			defaultConfigurationName = Release;
		};
		7BBA6F582DA6182100E3998B /* Build configuration list for PBXNativeTarget "Language Byte" */ = {
			isa = XCConfigurationList;
			buildConfigurations = (
				7BBA6F592DA6182100E3998B /* Debug */,
				7BBA6F5A2DA6182100E3998B /* Release */,
			);
			defaultConfigurationIsVisible = 0;
			defaultConfigurationName = Release;
		};
/* End XCConfigurationList section */
	};
	rootObject = 7BBA6F3B2DA6182000E3998B /* Project object */;
}
